
Microsoft Visual Studio Solution File, Format Version 12.00
# Visual Studio 15
Project("{FAE04EC0-301F-11D3-BF4B-00C04F79EFBC}") = "Algorithms", "Algorithms\Algorithms.csproj", "{6C8A78BC-4A5E-439F-82E7-C24E52FDB6DE}"
EndProject
Project("{FAE04EC0-301F-11D3-BF4B-00C04F79EFBC}") = "Tests", "Tests\Tests.csproj", "{34373055-8E35-47CF-9E1D-8806A2940494}"
EndProject
Global
	GlobalSection(SolutionConfigurationPlatforms) = preSolution
		Debug|Any CPU = Debug|Any CPU
		Release|Any CPU = Release|Any CPU
	EndGlobalSection
	GlobalSection(ProjectConfigurationPlatforms) = postSolution
		{6C8A78BC-4A5E-439F-82E7-C24E52FDB6DE}.Debug|Any CPU.ActiveCfg = Debug|Any CPU
		{6C8A78BC-4A5E-439F-82E7-C24E52FDB6DE}.Debug|Any CPU.Build.0 = Debug|Any CPU
		{6C8A78BC-4A5E-439F-82E7-C24E52FDB6DE}.Release|Any CPU.ActiveCfg = Release|Any CPU
		{6C8A78BC-4A5E-439F-82E7-C24E52FDB6DE}.Release|Any CPU.Build.0 = Release|Any CPU
		{34373055-8E35-47CF-9E1D-8806A2940494}.Debug|Any CPU.ActiveCfg = Debug|Any CPU
		{34373055-8E35-47CF-9E1D-8806A2940494}.Debug|Any CPU.Build.0 = Debug|Any CPU
		{34373055-8E35-47CF-9E1D-8806A2940494}.Release|Any CPU.ActiveCfg = Release|Any CPU
		{34373055-8E35-47CF-9E1D-8806A2940494}.Release|Any CPU.Build.0 = Release|Any CPU
	EndGlobalSection
EndGlobal
